---
lockVersion: 1.0.0
dependencies:
  codeql/controlflow:
    version: 2.0.34
  codeql/cpp-all:
    version: 10.1.1
  codeql/dataflow:
    version: 2.1.6
  codeql/mad:
    version: 1.0.50
  codeql/quantum:
    version: 0.0.28
  codeql/rangeanalysis:
    version: 1.0.50
  codeql/ssa:
    version: 2.0.26
  codeql/tutorial:
    version: 1.0.50
  codeql/typeflow:
    version: 1.0.50
  codeql/typetracking:
    version: 2.0.34
  codeql/util:
    version: 2.0.37
  codeql/xml:
    version: 1.0.50
compiled: false
