{
  "name": "brgen-lsp",
  "version": "0.0.1",
  "lockfileVersion": 3,
  "requires": true,
  "packages": {
    "": {
      "name": "brgen-lsp",
      "version": "0.0.1",
      "hasInstallScript": true,
      "license": "MIT",
      "dependencies": {
        "@types/node": "^20.6.3",
        "@types/vscode": "^1.83.0",
        "ast2ts": "file:../ast2ts/out",
        "typescript": "^5.2.2"
      },
      "engines": {
        "vscode": "^1.52.0"
      }
    },
    "../ast2ts": {
      "version": "0.0.1",
      "license": "MIT",
      "devDependencies": {
        "@types/node": "^20.7.1",
        "ts-node": "^10.9.1",
        "typescript": "^5.2.2"
      }
    },
    "../ast2ts/out": {},
    "../ast2ts/src": {
      "extraneous": true
    },
    "node_modules/@types/node": {
      "version": "20.6.3",
      "resolved": "https://registry.npmjs.org/@types/node/-/node-20.6.3.tgz",
      "integrity": "sha512-HksnYH4Ljr4VQgEy2lTStbCKv/P590tmPe5HqOnv9Gprffgv5WXAY+Y5Gqniu0GGqeTCUdBnzC3QSrzPkBkAMA=="
    },
    "node_modules/@types/vscode": {
      "version": "1.83.0",
      "resolved": "https://registry.npmjs.org/@types/vscode/-/vscode-1.83.0.tgz",
      "integrity": "sha512-3mUtHqLAVz9hegut9au4xehuBrzRE3UJiQMpoEHkNl6XHliihO7eATx2BMHs0odsmmrwjJrlixx/Pte6M3ygDQ=="
    },
    "node_modules/ast2ts": {
      "resolved": "../ast2ts/out",
      "link": true
    },
    "node_modules/typescript": {
      "version": "5.2.2",
      "resolved": "https://registry.npmjs.org/typescript/-/typescript-5.2.2.tgz",
      "integrity": "sha512-mI4WrpHsbCIcwT9cF4FZvr80QUeKvsUsUvKDoR+X/7XHQH98xYD8YHZg7ANtz2GtZt/CBq2QJ0thkGJMHfqc1w==",
      "bin": {
        "tsc": "bin/tsc",
        "tsserver": "bin/tsserver"
      },
      "engines": {
        "node": ">=14.17"
      }
    }
  }
}
