{
  "name": "brgen-lsp",
  "version": "0.0.1",
  "lockfileVersion": 3,
  "requires": true,
  "packages": {
    "": {
      "name": "brgen-lsp",
      "version": "0.0.1",
      "hasInstallScript": true,
      "license": "MIT",
      "dependencies": {
        "@types/node": "^20.6.3",
        "@types/vscode": "^1.83.0",
        "ast2ts": "file:../ast2ts/out",
        "typescript": "^5.2.2"
      },
      "engines": {
        "vscode": "^1.52.0"
      }
    },
    "../ast2ts/out": {},
    "node_modules/@types/node": {
      "version": "20.11.25",
      "resolved": "https://registry.npmjs.org/@types/node/-/node-20.11.25.tgz",
      "integrity": "sha512-TBHyJxk2b7HceLVGFcpAUjsa5zIdsPWlR6XHfyGzd0SFu+/NFgQgMAl96MSDZgQDvJAvV6BKsFOrt6zIL09JDw==",
      "dependencies": {
        "undici-types": "~5.26.4"
      }
    },
    "node_modules/@types/vscode": {
      "version": "1.87.0",
      "resolved": "https://registry.npmjs.org/@types/vscode/-/vscode-1.87.0.tgz",
      "integrity": "sha512-y3yYJV2esWr8LNjp3VNbSMWG7Y43jC8pCldG8YwiHGAQbsymkkMMt0aDT1xZIOFM2eFcNiUc+dJMx1+Z0UT8fg=="
    },
    "node_modules/ast2ts": {
      "resolved": "../ast2ts/out",
      "link": true
    },
    "node_modules/typescript": {
      "version": "5.4.2",
      "resolved": "https://registry.npmjs.org/typescript/-/typescript-5.4.2.tgz",
      "integrity": "sha512-+2/g0Fds1ERlP6JsakQQDXjZdZMM+rqpamFZJEKh4kwTIn3iDkgKtby0CeNd5ATNZ4Ry1ax15TMx0W2V+miizQ==",
      "bin": {
        "tsc": "bin/tsc",
        "tsserver": "bin/tsserver"
      },
      "engines": {
        "node": ">=14.17"
      }
    },
    "node_modules/undici-types": {
      "version": "5.26.5",
      "resolved": "https://registry.npmjs.org/undici-types/-/undici-types-5.26.5.tgz",
      "integrity": "sha512-JlCMO+ehdEIKqlFxk6IfVoAUVmgz7cU7zD/h9XZ0qzeosSHmUJVOzSQvvYSYWXkFXC+IfLKSIffhv0sVZup6pA=="
    }
  }
}
